
Microsoft Visual Studio Solution File, Format Version 12.00
# Visual Studio Version 16
VisualStudioVersion = 16.0.30309.148
MinimumVisualStudioVersion = 10.0.40219.1
Project("{9A19103F-16F7-4668-BE54-9A1E7A4F7556}") = "eShopSolution.WebApp", "eShopSolution.WebApp\eShopSolution.WebApp.csproj", "{A7FBD7C8-14CE-4FEB-8EE9-2BE1D3F4E0F4}"
EndProject
Project("{2150E333-8FDC-42A3-9474-1A3956D46DE8}") = "Solution Items", "Solution Items", "{08882073-E90B-42DA-9C2C-D125357DDD8F}"
	ProjectSection(SolutionItems) = preProject
		README.md = README.md
	EndProjectSection
EndProject
Project("{9A19103F-16F7-4668-BE54-9A1E7A4F7556}") = "eShopSolution.Data", "eShopSolution.Data\eShopSolution.Data.csproj", "{2B2E8DEB-20E2-49D5-A5B6-03CF0A377504}"
EndProject
Project("{9A19103F-16F7-4668-BE54-9A1E7A4F7556}") = "eShopSolution.Application", "eShopSolution.Application\eShopSolution.Application.csproj", "{3D5AFD42-4B52-4E17-AA7A-E4D2A23C6079}"
EndProject
Project("{FAE04EC0-301F-11D3-BF4B-00C04F79EFBC}") = "eShopSolution .Ulities", "eShopSolution .Ulities\eShopSolution .Ulities.csproj", "{2A8F1C5E-9C10-4CEB-9860-8A0E71EE31D2}"
EndProject
Global
	GlobalSection(SolutionConfigurationPlatforms) = preSolution
		Debug|Any CPU = Debug|Any CPU
		Release|Any CPU = Release|Any CPU
	EndGlobalSection
	GlobalSection(ProjectConfigurationPlatforms) = postSolution
		{A7FBD7C8-14CE-4FEB-8EE9-2BE1D3F4E0F4}.Debug|Any CPU.ActiveCfg = Debug|Any CPU
		{A7FBD7C8-14CE-4FEB-8EE9-2BE1D3F4E0F4}.Debug|Any CPU.Build.0 = Debug|Any CPU
		{A7FBD7C8-14CE-4FEB-8EE9-2BE1D3F4E0F4}.Release|Any CPU.ActiveCfg = Release|Any CPU
		{A7FBD7C8-14CE-4FEB-8EE9-2BE1D3F4E0F4}.Release|Any CPU.Build.0 = Release|Any CPU
		{2B2E8DEB-20E2-49D5-A5B6-03CF0A377504}.Debug|Any CPU.ActiveCfg = Debug|Any CPU
		{2B2E8DEB-20E2-49D5-A5B6-03CF0A377504}.Debug|Any CPU.Build.0 = Debug|Any CPU
		{2B2E8DEB-20E2-49D5-A5B6-03CF0A377504}.Release|Any CPU.ActiveCfg = Release|Any CPU
		{2B2E8DEB-20E2-49D5-A5B6-03CF0A377504}.Release|Any CPU.Build.0 = Release|Any CPU
		{3D5AFD42-4B52-4E17-AA7A-E4D2A23C6079}.Debug|Any CPU.ActiveCfg = Debug|Any CPU
		{3D5AFD42-4B52-4E17-AA7A-E4D2A23C6079}.Debug|Any CPU.Build.0 = Debug|Any CPU
		{3D5AFD42-4B52-4E17-AA7A-E4D2A23C6079}.Release|Any CPU.ActiveCfg = Release|Any CPU
		{3D5AFD42-4B52-4E17-AA7A-E4D2A23C6079}.Release|Any CPU.Build.0 = Release|Any CPU
		{2A8F1C5E-9C10-4CEB-9860-8A0E71EE31D2}.Debug|Any CPU.ActiveCfg = Debug|Any CPU
		{2A8F1C5E-9C10-4CEB-9860-8A0E71EE31D2}.Debug|Any CPU.Build.0 = Debug|Any CPU
		{2A8F1C5E-9C10-4CEB-9860-8A0E71EE31D2}.Release|Any CPU.ActiveCfg = Release|Any CPU
		{2A8F1C5E-9C10-4CEB-9860-8A0E71EE31D2}.Release|Any CPU.Build.0 = Release|Any CPU
	EndGlobalSection
	GlobalSection(SolutionProperties) = preSolution
		HideSolutionNode = FALSE
	EndGlobalSection
	GlobalSection(ExtensibilityGlobals) = postSolution
		SolutionGuid = {B0DF9BDF-02AF-4596-B7E5-CEEBF07F8BBA}
	EndGlobalSection
EndGlobal
